// !$*UTF8*$!
{
	archiveVersion = 1;
	classes = {
	};
	objectVersion = 46;
	objects = {

/* Begin PBXBuildFile section */
		44D760D41E2EB46500745049 /* AppDelegate.swift in Sources */ = {isa = PBXBuildFile; fileRef = 44D760D31E2EB46500745049 /* AppDelegate.swift */; };
		44D760D61E2EB46500745049 /* ViewController.swift in Sources */ = {isa = PBXBuildFile; fileRef = 44D760D51E2EB46500745049 /* ViewController.swift */; };
		44D760D91E2EB46500745049 /* Main.storyboard in Resources */ = {isa = PBXBuildFile; fileRef = 44D760D71E2EB46500745049 /* Main.storyboard */; };
		44D760DB1E2EB46500745049 /* Assets.xcassets in Resources */ = {isa = PBXBuildFile; fileRef = 44D760DA1E2EB46500745049 /* Assets.xcassets */; };
		44D760DE1E2EB46500745049 /* LaunchScreen.storyboard in Resources */ = {isa = PBXBuildFile; fileRef = 44D760DC1E2EB46500745049 /* LaunchScreen.storyboard */; };
		44D760E91E2EB46500745049 /* WorldTakeoverTests.swift in Sources */ = {isa = PBXBuildFile; fileRef = 44D760E81E2EB46500745049 /* WorldTakeoverTests.swift */; };
		44D760F41E2EB46500745049 /* WorldTakeoverUITests.swift in Sources */ = {isa = PBXBuildFile; fileRef = 44D760F31E2EB46500745049 /* WorldTakeoverUITests.swift */; };
/* End PBXBuildFile section */

/* Begin PBXContainerItemProxy section */
		44D760E51E2EB46500745049 /* PBXContainerItemProxy */ = {
			isa = PBXContainerItemProxy;
			containerPortal = 44D760C81E2EB46500745049 /* Project object */;
			proxyType = 1;
			remoteGlobalIDString = 44D760CF1E2EB46500745049;
			remoteInfo = WorldTakeover;
		};
		44D760F01E2EB46500745049 /* PBXContainerItemProxy */ = {
			isa = PBXContainerItemProxy;
			containerPortal = 44D760C81E2EB46500745049 /* Project object */;
			proxyType = 1;
			remoteGlobalIDString = 44D760CF1E2EB46500745049;
			remoteInfo = WorldTakeover;
		};
/* End PBXContainerItemProxy section */

/* Begin PBXFileReference section */
		44D760D01E2EB46500745049 /* WorldTakeover.app */ = {isa = PBXFileReference; explicitFileType = wrapper.application; includeInIndex = 0; path = WorldTakeover.app; sourceTree = BUILT_PRODUCTS_DIR; };
		44D760D31E2EB46500745049 /* AppDelegate.swift */ = {isa = PBXFileReference; lastKnownFileType = sourcecode.swift; path = AppDelegate.swift; sourceTree = "<group>"; };
		44D760D51E2EB46500745049 /* ViewController.swift */ = {isa = PBXFileReference; lastKnownFileType = sourcecode.swift; path = ViewController.swift; sourceTree = "<group>"; };
		44D760D81E2EB46500745049 /* Base */ = {isa = PBXFileReference; lastKnownFileType = file.storyboard; name = Base; path = Base.lproj/Main.storyboard; sourceTree = "<group>"; };
		44D760DA1E2EB46500745049 /* Assets.xcassets */ = {isa = PBXFileReference; lastKnownFileType = folder.assetcatalog; path = Assets.xcassets; sourceTree = "<group>"; };
		44D760DD1E2EB46500745049 /* Base */ = {isa = PBXFileReference; lastKnownFileType = file.storyboard; name = Base; path = Base.lproj/LaunchScreen.storyboard; sourceTree = "<group>"; };
		44D760DF1E2EB46500745049 /* Info.plist */ = {isa = PBXFileReference; lastKnownFileType = text.plist.xml; path = Info.plist; sourceTree = "<group>"; };
		44D760E41E2EB46500745049 /* WorldTakeoverTests.xctest */ = {isa = PBXFileReference; explicitFileType = wrapper.cfbundle; includeInIndex = 0; path = WorldTakeoverTests.xctest; sourceTree = BUILT_PRODUCTS_DIR; };
		44D760E81E2EB46500745049 /* WorldTakeoverTests.swift */ = {isa = PBXFileReference; lastKnownFileType = sourcecode.swift; path = WorldTakeoverTests.swift; sourceTree = "<group>"; };
		44D760EA1E2EB46500745049 /* Info.plist */ = {isa = PBXFileReference; lastKnownFileType = text.plist.xml; path = Info.plist; sourceTree = "<group>"; };
		44D760EF1E2EB46500745049 /* WorldTakeoverUITests.xctest */ = {isa = PBXFileReference; explicitFileType = wrapper.cfbundle; includeInIndex = 0; path = WorldTakeoverUITests.xctest; sourceTree = BUILT_PRODUCTS_DIR; };
		44D760F31E2EB46500745049 /* WorldTakeoverUITests.swift */ = {isa = PBXFileReference; lastKnownFileType = sourcecode.swift; path = WorldTakeoverUITests.swift; sourceTree = "<group>"; };
		44D760F51E2EB46500745049 /* Info.plist */ = {isa = PBXFileReference; lastKnownFileType = text.plist.xml; path = Info.plist; sourceTree = "<group>"; };
/* End PBXFileReference section */

/* Begin PBXFrameworksBuildPhase section */
		44D760CD1E2EB46500745049 /* Frameworks */ = {
			isa = PBXFrameworksBuildPhase;
			buildActionMask = 2147483647;
			files = (
			);
			runOnlyForDeploymentPostprocessing = 0;
		};
		44D760E11E2EB46500745049 /* Frameworks */ = {
			isa = PBXFrameworksBuildPhase;
			buildActionMask = 2147483647;
			files = (
			);
			runOnlyForDeploymentPostprocessing = 0;
		};
		44D760EC1E2EB46500745049 /* Frameworks */ = {
			isa = PBXFrameworksBuildPhase;
			buildActionMask = 2147483647;
			files = (
			);
			runOnlyForDeploymentPostprocessing = 0;
		};
/* End PBXFrameworksBuildPhase section */

/* Begin PBXGroup section */
		44D760C71E2EB46500745049 = {
			isa = PBXGroup;
			children = (
				44D760D21E2EB46500745049 /* WorldTakeover */,
				44D760E71E2EB46500745049 /* WorldTakeoverTests */,
				44D760F21E2EB46500745049 /* WorldTakeoverUITests */,
				44D760D11E2EB46500745049 /* Products */,
			);
			sourceTree = "<group>";
		};
		44D760D11E2EB46500745049 /* Products */ = {
			isa = PBXGroup;
			children = (
				44D760D01E2EB46500745049 /* WorldTakeover.app */,
				44D760E41E2EB46500745049 /* WorldTakeoverTests.xctest */,
				44D760EF1E2EB46500745049 /* WorldTakeoverUITests.xctest */,
			);
			name = Products;
			sourceTree = "<group>";
		};
		44D760D21E2EB46500745049 /* WorldTakeover */ = {
			isa = PBXGroup;
			children = (
				44D760D31E2EB46500745049 /* AppDelegate.swift */,
				44D760D51E2EB46500745049 /* ViewController.swift */,
				44D760D71E2EB46500745049 /* Main.storyboard */,
				44D760DA1E2EB46500745049 /* Assets.xcassets */,
				44D760DC1E2EB46500745049 /* LaunchScreen.storyboard */,
				44D760DF1E2EB46500745049 /* Info.plist */,
			);
			path = WorldTakeover;
			sourceTree = "<group>";
		};
		44D760E71E2EB46500745049 /* WorldTakeoverTests */ = {
			isa = PBXGroup;
			children = (
				44D760E81E2EB46500745049 /* WorldTakeoverTests.swift */,
				44D760EA1E2EB46500745049 /* Info.plist */,
			);
			path = WorldTakeoverTests;
			sourceTree = "<group>";
		};
		44D760F21E2EB46500745049 /* WorldTakeoverUITests */ = {
			isa = PBXGroup;
			children = (
				44D760F31E2EB46500745049 /* WorldTakeoverUITests.swift */,
				44D760F51E2EB46500745049 /* Info.plist */,
			);
			path = WorldTakeoverUITests;
			sourceTree = "<group>";
		};
/* End PBXGroup section */

/* Begin PBXNativeTarget section */
		44D760CF1E2EB46500745049 /* WorldTakeover */ = {
			isa = PBXNativeTarget;
			buildConfigurationList = 44D760F81E2EB46500745049 /* Build configuration list for PBXNativeTarget "WorldTakeover" */;
			buildPhases = (
				44D760CC1E2EB46500745049 /* Sources */,
				44D760CD1E2EB46500745049 /* Frameworks */,
				44D760CE1E2EB46500745049 /* Resources */,
			);
			buildRules = (
			);
			dependencies = (
			);
			name = WorldTakeover;
			productName = WorldTakeover;
			productReference = 44D760D01E2EB46500745049 /* WorldTakeover.app */;
			productType = "com.apple.product-type.application";
		};
		44D760E31E2EB46500745049 /* WorldTakeoverTests */ = {
			isa = PBXNativeTarget;
			buildConfigurationList = 44D760FB1E2EB46500745049 /* Build configuration list for PBXNativeTarget "WorldTakeoverTests" */;
			buildPhases = (
				44D760E01E2EB46500745049 /* Sources */,
				44D760E11E2EB46500745049 /* Frameworks */,
				44D760E21E2EB46500745049 /* Resources */,
			);
			buildRules = (
			);
			dependencies = (
				44D760E61E2EB46500745049 /* PBXTargetDependency */,
			);
			name = WorldTakeoverTests;
			productName = WorldTakeoverTests;
			productReference = 44D760E41E2EB46500745049 /* WorldTakeoverTests.xctest */;
			productType = "com.apple.product-type.bundle.unit-test";
		};
		44D760EE1E2EB46500745049 /* WorldTakeoverUITests */ = {
			isa = PBXNativeTarget;
			buildConfigurationList = 44D760FE1E2EB46500745049 /* Build configuration list for PBXNativeTarget "WorldTakeoverUITests" */;
			buildPhases = (
				44D760EB1E2EB46500745049 /* Sources */,
				44D760EC1E2EB46500745049 /* Frameworks */,
				44D760ED1E2EB46500745049 /* Resources */,
			);
			buildRules = (
			);
			dependencies = (
				44D760F11E2EB46500745049 /* PBXTargetDependency */,
			);
			name = WorldTakeoverUITests;
			productName = WorldTakeoverUITests;
			productReference = 44D760EF1E2EB46500745049 /* WorldTakeoverUITests.xctest */;
			productType = "com.apple.product-type.bundle.ui-testing";
		};
/* End PBXNativeTarget section */

/* Begin PBXProject section */
		44D760C81E2EB46500745049 /* Project object */ = {
			isa = PBXProject;
			attributes = {
				LastSwiftUpdateCheck = 0820;
				LastUpgradeCheck = 0820;
				ORGANIZATIONNAME = "Chinedu Arinze";
				TargetAttributes = {
					44D760CF1E2EB46500745049 = {
						CreatedOnToolsVersion = 8.2;
						ProvisioningStyle = Automatic;
					};
					44D760E31E2EB46500745049 = {
						CreatedOnToolsVersion = 8.2;
						ProvisioningStyle = Automatic;
						TestTargetID = 44D760CF1E2EB46500745049;
					};
					44D760EE1E2EB46500745049 = {
						CreatedOnToolsVersion = 8.2;
						ProvisioningStyle = Automatic;
						TestTargetID = 44D760CF1E2EB46500745049;
					};
				};
			};
			buildConfigurationList = 44D760CB1E2EB46500745049 /* Build configuration list for PBXProject "WorldTakeover" */;
			compatibilityVersion = "Xcode 3.2";
			developmentRegion = English;
			hasScannedForEncodings = 0;
			knownRegions = (
				en,
				Base,
			);
			mainGroup = 44D760C71E2EB46500745049;
			productRefGroup = 44D760D11E2EB46500745049 /* Products */;
			projectDirPath = "";
			projectRoot = "";
			targets = (
				44D760CF1E2EB46500745049 /* WorldTakeover */,
				44D760E31E2EB46500745049 /* WorldTakeoverTests */,
				44D760EE1E2EB46500745049 /* WorldTakeoverUITests */,
			);
		};
/* End PBXProject section */

/* Begin PBXResourcesBuildPhase section */
		44D760CE1E2EB46500745049 /* Resources */ = {
			isa = PBXResourcesBuildPhase;
			buildActionMask = 2147483647;
			files = (
				44D760DE1E2EB46500745049 /* LaunchScreen.storyboard in Resources */,
				44D760DB1E2EB46500745049 /* Assets.xcassets in Resources */,
				44D760D91E2EB46500745049 /* Main.storyboard in Resources */,
			);
			runOnlyForDeploymentPostprocessing = 0;
		};
		44D760E21E2EB46500745049 /* Resources */ = {
			isa = PBXResourcesBuildPhase;
			buildActionMask = 2147483647;
			files = (
			);
			runOnlyForDeploymentPostprocessing = 0;
		};
		44D760ED1E2EB46500745049 /* Resources */ = {
			isa = PBXResourcesBuildPhase;
			buildActionMask = 2147483647;
			files = (
			);
			runOnlyForDeploymentPostprocessing = 0;
		};
/* End PBXResourcesBuildPhase section */

/* Begin PBXSourcesBuildPhase section */
		44D760CC1E2EB46500745049 /* Sources */ = {
			isa = PBXSourcesBuildPhase;
			buildActionMask = 2147483647;
			files = (
				44D760D61E2EB46500745049 /* ViewController.swift in Sources */,
				44D760D41E2EB46500745049 /* AppDelegate.swift in Sources */,
			);
			runOnlyForDeploymentPostprocessing = 0;
		};
		44D760E01E2EB46500745049 /* Sources */ = {
			isa = PBXSourcesBuildPhase;
			buildActionMask = 2147483647;
			files = (
				44D760E91E2EB46500745049 /* WorldTakeoverTests.swift in Sources */,
			);
			runOnlyForDeploymentPostprocessing = 0;
		};
		44D760EB1E2EB46500745049 /* Sources */ = {
			isa = PBXSourcesBuildPhase;
			buildActionMask = 2147483647;
			files = (
				44D760F41E2EB46500745049 /* WorldTakeoverUITests.swift in Sources */,
			);
			runOnlyForDeploymentPostprocessing = 0;
		};
/* End PBXSourcesBuildPhase section */

/* Begin PBXTargetDependency section */
		44D760E61E2EB46500745049 /* PBXTargetDependency */ = {
			isa = PBXTargetDependency;
			target = 44D760CF1E2EB46500745049 /* WorldTakeover */;
			targetProxy = 44D760E51E2EB46500745049 /* PBXContainerItemProxy */;
		};
		44D760F11E2EB46500745049 /* PBXTargetDependency */ = {
			isa = PBXTargetDependency;
			target = 44D760CF1E2EB46500745049 /* WorldTakeover */;
			targetProxy = 44D760F01E2EB46500745049 /* PBXContainerItemProxy */;
		};
/* End PBXTargetDependency section */

/* Begin PBXVariantGroup section */
		44D760D71E2EB46500745049 /* Main.storyboard */ = {
			isa = PBXVariantGroup;
			children = (
				44D760D81E2EB46500745049 /* Base */,
			);
			name = Main.storyboard;
			sourceTree = "<group>";
		};
		44D760DC1E2EB46500745049 /* LaunchScreen.storyboard */ = {
			isa = PBXVariantGroup;
			children = (
				44D760DD1E2EB46500745049 /* Base */,
			);
			name = LaunchScreen.storyboard;
			sourceTree = "<group>";
		};
/* End PBXVariantGroup section */

/* Begin XCBuildConfiguration section */
		44D760F61E2EB46500745049 /* Debug */ = {
			isa = XCBuildConfiguration;
			buildSettings = {
				ALWAYS_SEARCH_USER_PATHS = NO;
				CLANG_ANALYZER_NONNULL = YES;
				CLANG_CXX_LANGUAGE_STANDARD = "gnu++0x";
				CLANG_CXX_LIBRARY = "libc++";
				CLANG_ENABLE_MODULES = YES;
				CLANG_ENABLE_OBJC_ARC = YES;
				CLANG_WARN_BOOL_CONVERSION = YES;
				CLANG_WARN_CONSTANT_CONVERSION = YES;
				CLANG_WARN_DIRECT_OBJC_ISA_USAGE = YES_ERROR;
				CLANG_WARN_DOCUMENTATION_COMMENTS = YES;
				CLANG_WARN_EMPTY_BODY = YES;
				CLANG_WARN_ENUM_CONVERSION = YES;
				CLANG_WARN_INFINITE_RECURSION = YES;
				CLANG_WARN_INT_CONVERSION = YES;
				CLANG_WARN_OBJC_ROOT_CLASS = YES_ERROR;
				CLANG_WARN_SUSPICIOUS_MOVE = YES;
				CLANG_WARN_UNREACHABLE_CODE = YES;
				CLANG_WARN__DUPLICATE_METHOD_MATCH = YES;
				"CODE_SIGN_IDENTITY[sdk=iphoneos*]" = "iPhone Developer";
				COPY_PHASE_STRIP = NO;
				DEBUG_INFORMATION_FORMAT = dwarf;
				ENABLE_STRICT_OBJC_MSGSEND = YES;
				ENABLE_TESTABILITY = YES;
				GCC_C_LANGUAGE_STANDARD = gnu99;
				GCC_DYNAMIC_NO_PIC = NO;
				GCC_NO_COMMON_BLOCKS = YES;
				GCC_OPTIMIZATION_LEVEL = 0;
				GCC_PREPROCESSOR_DEFINITIONS = (
					"DEBUG=1",
					"$(inherited)",
				);
				GCC_WARN_64_TO_32_BIT_CONVERSION = YES;
				GCC_WARN_ABOUT_RETURN_TYPE = YES_ERROR;
				GCC_WARN_UNDECLARED_SELECTOR = YES;
				GCC_WARN_UNINITIALIZED_AUTOS = YES_AGGRESSIVE;
				GCC_WARN_UNUSED_FUNCTION = YES;
				GCC_WARN_UNUSED_VARIABLE = YES;
				IPHONEOS_DEPLOYMENT_TARGET = 10.2;
				MTL_ENABLE_DEBUG_INFO = YES;
				ONLY_ACTIVE_ARCH = YES;
				SDKROOT = iphoneos;
				SWIFT_ACTIVE_COMPILATION_CONDITIONS = DEBUG;
				SWIFT_OPTIMIZATION_LEVEL = "-Onone";
				TARGETED_DEVICE_FAMILY = "1,2";
			};
			name = Debug;
		};
		44D760F71E2EB46500745049 /* Release */ = {
			isa = XCBuildConfiguration;
			buildSettings = {
				ALWAYS_SEARCH_USER_PATHS = NO;
				CLANG_ANALYZER_NONNULL = YES;
				CLANG_CXX_LANGUAGE_STANDARD = "gnu++0x";
				CLANG_CXX_LIBRARY = "libc++";
				CLANG_ENABLE_MODULES = YES;
				CLANG_ENABLE_OBJC_ARC = YES;
				CLANG_WARN_BOOL_CONVERSION = YES;
				CLANG_WARN_CONSTANT_CONVERSION = YES;
				CLANG_WARN_DIRECT_OBJC_ISA_USAGE = YES_ERROR;
				CLANG_WARN_DOCUMENTATION_COMMENTS = YES;
				CLANG_WARN_EMPTY_BODY = YES;
				CLANG_WARN_ENUM_CONVERSION = YES;
				CLANG_WARN_INFINITE_RECURSION = YES;
				CLANG_WARN_INT_CONVERSION = YES;
				CLANG_WARN_OBJC_ROOT_CLASS = YES_ERROR;
				CLANG_WARN_SUSPICIOUS_MOVE = YES;
				CLANG_WARN_UNREACHABLE_CODE = YES;
				CLANG_WARN__DUPLICATE_METHOD_MATCH = YES;
				"CODE_SIGN_IDENTITY[sdk=iphoneos*]" = "iPhone Developer";
				COPY_PHASE_STRIP = NO;
				DEBUG_INFORMATION_FORMAT = "dwarf-with-dsym";
				ENABLE_NS_ASSERTIONS = NO;
				ENABLE_STRICT_OBJC_MSGSEND = YES;
				GCC_C_LANGUAGE_STANDARD = gnu99;
				GCC_NO_COMMON_BLOCKS = YES;
				GCC_WARN_64_TO_32_BIT_CONVERSION = YES;
				GCC_WARN_ABOUT_RETURN_TYPE = YES_ERROR;
				GCC_WARN_UNDECLARED_SELECTOR = YES;
				GCC_WARN_UNINITIALIZED_AUTOS = YES_AGGRESSIVE;
				GCC_WARN_UNUSED_FUNCTION = YES;
				GCC_WARN_UNUSED_VARIABLE = YES;
				IPHONEOS_DEPLOYMENT_TARGET = 10.2;
				MTL_ENABLE_DEBUG_INFO = NO;
				SDKROOT = iphoneos;
				SWIFT_OPTIMIZATION_LEVEL = "-Owholemodule";
				TARGETED_DEVICE_FAMILY = "1,2";
				VALIDATE_PRODUCT = YES;
			};
			name = Release;
		};
		44D760F91E2EB46500745049 /* Debug */ = {
			isa = XCBuildConfiguration;
			buildSettings = {
				ASSETCATALOG_COMPILER_APPICON_NAME = AppIcon;
				INFOPLIST_FILE = WorldTakeover/Info.plist;
				LD_RUNPATH_SEARCH_PATHS = "$(inherited) @executable_path/Frameworks";
				PRODUCT_BUNDLE_IDENTIFIER = com.chineduarinze.WorldTakeover;
				PRODUCT_NAME = "$(TARGET_NAME)";
				SWIFT_VERSION = 3.0;
			};
			name = Debug;
		};
		44D760FA1E2EB46500745049 /* Release */ = {
			isa = XCBuildConfiguration;
			buildSettings = {
				ASSETCATALOG_COMPILER_APPICON_NAME = AppIcon;
				INFOPLIST_FILE = WorldTakeover/Info.plist;
				LD_RUNPATH_SEARCH_PATHS = "$(inherited) @executable_path/Frameworks";
				PRODUCT_BUNDLE_IDENTIFIER = com.chineduarinze.WorldTakeover;
				PRODUCT_NAME = "$(TARGET_NAME)";
				SWIFT_VERSION = 3.0;
			};
			name = Release;
		};
		44D760FC1E2EB46500745049 /* Debug */ = {
			isa = XCBuildConfiguration;
			buildSettings = {
				ALWAYS_EMBED_SWIFT_STANDARD_LIBRARIES = YES;
				BUNDLE_LOADER = "$(TEST_HOST)";
				INFOPLIST_FILE = WorldTakeoverTests/Info.plist;
				LD_RUNPATH_SEARCH_PATHS = "$(inherited) @executable_path/Frameworks @loader_path/Frameworks";
				PRODUCT_BUNDLE_IDENTIFIER = com.chineduarinze.WorldTakeoverTests;
				PRODUCT_NAME = "$(TARGET_NAME)";
				SWIFT_VERSION = 3.0;
				TEST_HOST = "$(BUILT_PRODUCTS_DIR)/WorldTakeover.app/WorldTakeover";
			};
			name = Debug;
		};
		44D760FD1E2EB46500745049 /* Release */ = {
			isa = XCBuildConfiguration;
			buildSettings = {
				ALWAYS_EMBED_SWIFT_STANDARD_LIBRARIES = YES;
				BUNDLE_LOADER = "$(TEST_HOST)";
				INFOPLIST_FILE = WorldTakeoverTests/Info.plist;
				LD_RUNPATH_SEARCH_PATHS = "$(inherited) @executable_path/Frameworks @loader_path/Frameworks";
				PRODUCT_BUNDLE_IDENTIFIER = com.chineduarinze.WorldTakeoverTests;
				PRODUCT_NAME = "$(TARGET_NAME)";
				SWIFT_VERSION = 3.0;
				TEST_HOST = "$(BUILT_PRODUCTS_DIR)/WorldTakeover.app/WorldTakeover";
			};
			name = Release;
		};
		44D760FF1E2EB46500745049 /* Debug */ = {
			isa = XCBuildConfiguration;
			buildSettings = {
				ALWAYS_EMBED_SWIFT_STANDARD_LIBRARIES = YES;
				INFOPLIST_FILE = WorldTakeoverUITests/Info.plist;
				LD_RUNPATH_SEARCH_PATHS = "$(inherited) @executable_path/Frameworks @loader_path/Frameworks";
				PRODUCT_BUNDLE_IDENTIFIER = com.chineduarinze.WorldTakeoverUITests;
				PRODUCT_NAME = "$(TARGET_NAME)";
				SWIFT_VERSION = 3.0;
				TEST_TARGET_NAME = WorldTakeover;
			};
			name = Debug;
		};
		44D761001E2EB46500745049 /* Release */ = {
			isa = XCBuildConfiguration;
			buildSettings = {
				ALWAYS_EMBED_SWIFT_STANDARD_LIBRARIES = YES;
				INFOPLIST_FILE = WorldTakeoverUITests/Info.plist;
				LD_RUNPATH_SEARCH_PATHS = "$(inherited) @executable_path/Frameworks @loader_path/Frameworks";
				PRODUCT_BUNDLE_IDENTIFIER = com.chineduarinze.WorldTakeoverUITests;
				PRODUCT_NAME = "$(TARGET_NAME)";
				SWIFT_VERSION = 3.0;
				TEST_TARGET_NAME = WorldTakeover;
			};
			name = Release;
		};
/* End XCBuildConfiguration section */

/* Begin XCConfigurationList section */
		44D760CB1E2EB46500745049 /* Build configuration list for PBXProject "WorldTakeover" */ = {
			isa = XCConfigurationList;
			buildConfigurations = (
				44D760F61E2EB46500745049 /* Debug */,
				44D760F71E2EB46500745049 /* Release */,
			);
			defaultConfigurationIsVisible = 0;
			defaultConfigurationName = Release;
		};
		44D760F81E2EB46500745049 /* Build configuration list for PBXNativeTarget "WorldTakeover" */ = {
			isa = XCConfigurationList;
			buildConfigurations = (
				44D760F91E2EB46500745049 /* Debug */,
				44D760FA1E2EB46500745049 /* Release */,
			);
			defaultConfigurationIsVisible = 0;
		};
		44D760FB1E2EB46500745049 /* Build configuration list for PBXNativeTarget "WorldTakeoverTests" */ = {
			isa = XCConfigurationList;
			buildConfigurations = (
				44D760FC1E2EB46500745049 /* Debug */,
				44D760FD1E2EB46500745049 /* Release */,
			);
			defaultConfigurationIsVisible = 0;
		};
		44D760FE1E2EB46500745049 /* Build configuration list for PBXNativeTarget "WorldTakeoverUITests" */ = {
			isa = XCConfigurationList;
			buildConfigurations = (
				44D760FF1E2EB46500745049 /* Debug */,
				44D761001E2EB46500745049 /* Release */,
			);
			defaultConfigurationIsVisible = 0;
		};
/* End XCConfigurationList section */
	};
	rootObject = 44D760C81E2EB46500745049 /* Project object */;
}
